
Microsoft Visual Studio Solution File, Format Version 12.00
# Visual Studio 15
VisualStudioVersion = 15.0.27703.2042
MinimumVisualStudioVersion = 10.0.40219.1
Project("{FAE04EC0-301F-11D3-BF4B-00C04F79EFBC}") = "Snake", "Snake\Snake.csproj", "{D3C523FF-EA44-4648-8360-A862D55224F1}"
EndProject
Global
	GlobalSection(SolutionConfigurationPlatforms) = preSolution
		Debug|Any CPU = Debug|Any CPU
		Release|Any CPU = Release|Any CPU
	EndGlobalSection
	GlobalSection(ProjectConfigurationPlatforms) = postSolution
		{D3C523FF-EA44-4648-8360-A862D55224F1}.Debug|Any CPU.ActiveCfg = Debug|Any CPU
		{D3C523FF-EA44-4648-8360-A862D55224F1}.Debug|Any CPU.Build.0 = Debug|Any CPU
		{D3C523FF-EA44-4648-8360-A862D55224F1}.Release|Any CPU.ActiveCfg = Release|Any CPU
		{D3C523FF-EA44-4648-8360-A862D55224F1}.Release|Any CPU.Build.0 = Release|Any CPU
	EndGlobalSection
	GlobalSection(SolutionProperties) = preSolution
		HideSolutionNode = FALSE
	EndGlobalSection
	GlobalSection(ExtensibilityGlobals) = postSolution
		SolutionGuid = {F74C39AA-74FB-4EC1-8FA5-916FD97880E2}
	EndGlobalSection
EndGlobal
